dependencies:
- name: postgresql
  repository: https://charts.bitnami.com/bitnami
  version: 11.6.25
- name: kratos
  repository: https://k8s.ory.sh/helm/charts
  version: 0.24.5
- name: hydra
  repository: https://k8s.ory.sh/helm/charts
  version: 0.24.5
digest: sha256:fd233d2f351cf352cb30186cd6fbbd3fdcc1f9a51fb0e916dc045a71a11e5472
generated: "2022-08-06T16:14:32.328726486+02:00"
